
Microsoft Visual Studio Solution File, Format Version 12.00
# Visual Studio Version 17
VisualStudioVersion = 17.7.34221.43
MinimumVisualStudioVersion = 10.0.40219.1
Project("{FAE04EC0-301F-11D3-BF4B-00C04F79EFBC}") = "ConsoleApp1", "ConsoleApp1\ConsoleApp1.csproj", "{37B685B4-8A30-414A-BE97-17493421EDBB}"
EndProject
Global
	GlobalSection(SolutionConfigurationPlatforms) = preSolution
		Debug|Any CPU = Debug|Any CPU
		Release|Any CPU = Release|Any CPU
	EndGlobalSection
	GlobalSection(ProjectConfigurationPlatforms) = postSolution
		{37B685B4-8A30-414A-BE97-17493421EDBB}.Debug|Any CPU.ActiveCfg = Debug|Any CPU
		{37B685B4-8A30-414A-BE97-17493421EDBB}.Debug|Any CPU.Build.0 = Debug|Any CPU
		{37B685B4-8A30-414A-BE97-17493421EDBB}.Release|Any CPU.ActiveCfg = Release|Any CPU
		{37B685B4-8A30-414A-BE97-17493421EDBB}.Release|Any CPU.Build.0 = Release|Any CPU
	EndGlobalSection
	GlobalSection(SolutionProperties) = preSolution
		HideSolutionNode = FALSE
	EndGlobalSection
	GlobalSection(ExtensibilityGlobals) = postSolution
		SolutionGuid = {A4EA92CA-BF88-4224-8534-ADE3CE8FAA0D}
	EndGlobalSection
EndGlobal
